
Microsoft Visual Studio Solution File, Format Version 12.00
# Visual Studio Express 15 for Windows Desktop
VisualStudioVersion = 15.0.27703.2026
MinimumVisualStudioVersion = 10.0.40219.1
Project("{FAE04EC0-301F-11D3-BF4B-00C04F79EFBC}") = "CSearch", "Co0nSearchC\CSearch.csproj", "{C965BC14-83D0-40D5-A055-3C2BE8210691}"
	ProjectSection(ProjectDependencies) = postProject
		{4DE7935F-7954-4329-B40A-E0F03762D696} = {4DE7935F-7954-4329-B40A-E0F03762D696}
	EndProjectSection
EndProject
Project("{FAE04EC0-301F-11D3-BF4B-00C04F79EFBC}") = "Co0nUtilZ", "..\..\..\..\..\mitgebrachtes\Entwicklungen\C#\Co0nUtilZ\Co0nUtilZ\Co0nUtilZ.csproj", "{4DE7935F-7954-4329-B40A-E0F03762D696}"
EndProject
Global
	GlobalSection(SolutionConfigurationPlatforms) = preSolution
		Debug|Any CPU = Debug|Any CPU
		Release|Any CPU = Release|Any CPU
	EndGlobalSection
	GlobalSection(ProjectConfigurationPlatforms) = postSolution
		{C965BC14-83D0-40D5-A055-3C2BE8210691}.Debug|Any CPU.ActiveCfg = Debug|Any CPU
		{C965BC14-83D0-40D5-A055-3C2BE8210691}.Debug|Any CPU.Build.0 = Debug|Any CPU
		{C965BC14-83D0-40D5-A055-3C2BE8210691}.Release|Any CPU.ActiveCfg = Release|Any CPU
		{C965BC14-83D0-40D5-A055-3C2BE8210691}.Release|Any CPU.Build.0 = Release|Any CPU
		{4DE7935F-7954-4329-B40A-E0F03762D696}.Debug|Any CPU.ActiveCfg = Debug|Any CPU
		{4DE7935F-7954-4329-B40A-E0F03762D696}.Debug|Any CPU.Build.0 = Debug|Any CPU
		{4DE7935F-7954-4329-B40A-E0F03762D696}.Release|Any CPU.ActiveCfg = Release|Any CPU
		{4DE7935F-7954-4329-B40A-E0F03762D696}.Release|Any CPU.Build.0 = Release|Any CPU
	EndGlobalSection
	GlobalSection(SolutionProperties) = preSolution
		HideSolutionNode = FALSE
	EndGlobalSection
	GlobalSection(ExtensibilityGlobals) = postSolution
		SolutionGuid = {268D17BC-36AE-40C8-BACB-B6D843AFAAD1}
	EndGlobalSection
EndGlobal
